
Microsoft Visual Studio Solution File, Format Version 12.00
# Visual Studio Version 17
VisualStudioVersion = 17.11.35222.181
MinimumVisualStudioVersion = 10.0.40219.1
Project("{FAE04EC0-301F-11D3-BF4B-00C04F79EFBC}") = "TesteDeMatematica", "TesteDeMatematica.csproj", "{43DAC0FD-86A9-4B4E-98DF-D1F63F719A47}"
EndProject
Global
	GlobalSection(SolutionConfigurationPlatforms) = preSolution
		Debug|Any CPU = Debug|Any CPU
		Release|Any CPU = Release|Any CPU
	EndGlobalSection
	GlobalSection(ProjectConfigurationPlatforms) = postSolution
		{43DAC0FD-86A9-4B4E-98DF-D1F63F719A47}.Debug|Any CPU.ActiveCfg = Debug|Any CPU
		{43DAC0FD-86A9-4B4E-98DF-D1F63F719A47}.Debug|Any CPU.Build.0 = Debug|Any CPU
		{43DAC0FD-86A9-4B4E-98DF-D1F63F719A47}.Release|Any CPU.ActiveCfg = Release|Any CPU
		{43DAC0FD-86A9-4B4E-98DF-D1F63F719A47}.Release|Any CPU.Build.0 = Release|Any CPU
	EndGlobalSection
	GlobalSection(SolutionProperties) = preSolution
		HideSolutionNode = FALSE
	EndGlobalSection
	GlobalSection(ExtensibilityGlobals) = postSolution
		SolutionGuid = {6632728A-7561-4C9F-B71C-7F5F8E2AC525}
	EndGlobalSection
EndGlobal
